# This file is automatically @generated by Cargo.
# It is not intended for manual editing.
version = 4

# Standard
[[package]]
name = "base64"
version = "0.21.7"
source = "registry+https://github.com/rust-lang/crates.io-index"
checksum = "9d297deb1925b89f2ccc13d7635fa0714f12c87adce1c75356b39ca9b7178567"

# Different version
[[package]]
name = "base64"
version = "0.22.1"
source = "registry+https://github.com/rust-lang/crates.io-index"
checksum = "72b3254f16251a8381aa12e40e3c4d2f0199f8c6508fbecb9d91f575e0fbb8c6"

# No checksum/source
[[package]]
name = "moon_pdk_api"
version = "0.1.6"
dependencies = []
