# This file is generated by running "yarn install" inside your project.
# Manual changes might be lost - proceed with caution!

__metadata:
  version: 8
  cacheKey: 10c0

"a@workspace:*, a@workspace:a":
  version: 0.0.0-use.local
  resolution: "a@workspace:a"
  dependencies:
    react: "npm:^19.1.0"
  languageName: unknown
  linkType: soft

"b@workspace:b":
  version: 0.0.0-use.local
  resolution: "b@workspace:b"
  dependencies:
    react: "npm:^19.1.0"
    solid-js: "npm:~1.9.9"
  languageName: unknown
  linkType: soft

"c@workspace:c":
  version: 0.0.0-use.local
  resolution: "c@workspace:c"
  dependencies:
    a: "workspace:*"
    solid-js: "npm:~1.9.9"
  languageName: unknown
  linkType: soft

"csstype@npm:^3.1.0":
  version: 3.1.3
  resolution: "csstype@npm:3.1.3"
  checksum: 10c0/80c089d6f7e0c5b2bd83cf0539ab41474198579584fa10d86d0cafe0642202343cbc119e076a0b1aece191989477081415d66c9fefbf3c957fc2fc4b7009f248
  languageName: node
  linkType: hard

"react@npm:^19.1.0":
  version: 19.1.1
  resolution: "react@npm:19.1.1"
  checksum: 10c0/8c9769a2dfd02e603af6445058325e6c8a24b47b185d0e461f66a6454765ddcaecb3f0a90184836c68bb509f3c38248359edbc42f0d07c23eb500a5c30c87b4e
  languageName: node
  linkType: hard

"root-workspace-0b6124@workspace:.":
  version: 0.0.0-use.local
  resolution: "root-workspace-0b6124@workspace:."
  dependencies:
    typescript: "npm:^5.9.0"
  languageName: unknown
  linkType: soft

"seroval-plugins@npm:~1.3.0":
  version: 1.3.2
  resolution: "seroval-plugins@npm:1.3.2"
  peerDependencies:
    seroval: ^1.0
  checksum: 10c0/67b108b3cbc189acca445b512ebd77e11b55c6aa3d1610c3a0b4822b63e5c6d0a4426ac6e50574772cc743257f0a16a8a4d12e5e4f28a2da8e1f583b00a27bbe
  languageName: node
  linkType: hard

"seroval@npm:~1.3.0":
  version: 1.3.2
  resolution: "seroval@npm:1.3.2"
  checksum: 10c0/19e74825643786d22e5c58054bd28065238de0156545afba82f9a7d3ee70ea4f0249b427f317bc6bf983849dde8e4190264728d90c84620aa163bfbc5971f1bc
  languageName: node
  linkType: hard

"solid-js@npm:~1.9.9":
  version: 1.9.9
  resolution: "solid-js@npm:1.9.9"
  dependencies:
    csstype: "npm:^3.1.0"
    seroval: "npm:~1.3.0"
    seroval-plugins: "npm:~1.3.0"
  checksum: 10c0/bd3fda22b66c4955bb4f29236b622dcfb11b7f37ec7fa974f366292bef1076750fade2e656d584cd977f50354b23cfca4026e8ae5153e991c8c112b15b21c9e3
  languageName: node
  linkType: hard

"typescript@npm:^5.9.0":
  version: 5.9.2
  resolution: "typescript@npm:5.9.2"
  bin:
    tsc: bin/tsc
    tsserver: bin/tsserver
  checksum: 10c0/cd635d50f02d6cf98ed42de2f76289701c1ec587a363369255f01ed15aaf22be0813226bff3c53e99d971f9b540e0b3cc7583dbe05faded49b1b0bed2f638a18
  languageName: node
  linkType: hard
