# https://docs.astral.sh/uv/concepts/projects/layout/#the-lockfile
version = 1
requires-python = ">=3.11"

[[package]]
name = "anyio"
version = "4.4.0"
source = { registry = "https://pypi.org/simple" }
dependencies = [
    { name = "idna" },
    { name = "sniffio" },
]
sdist = { url = "https://files.pythonhosted.org/packages/e6/e3/c4c8d473d6780ef1853d630d581f70d655b4f8d7553c6997958c283039a2/anyio-4.4.0.tar.gz", hash = "sha256:5aadc6a1bbb7cdb0bede386cac5e2940f5e2ff3aa20277e991cf028e0585ce94", size = 163930 }
wheels = [
    { url = "https://files.pythonhosted.org/packages/7b/a2/10639a79341f6c019dedc95bd48a4928eed9f1d1197f4c04f546fc7ae0ff/anyio-4.4.0-py3-none-any.whl", hash = "sha256:c1b2d8f46a8a812513012e1107cb0e68c17159a7a594208005a57dc776e1bdc7", size = 86780 },
]

[[package]]
name = "argcomplete"
version = "3.5.0"
source = { registry = "https://pypi.org/simple" }
sdist = { url = "https://files.pythonhosted.org/packages/75/33/a3d23a2e9ac78f9eaf1fce7490fee430d43ca7d42c65adabbb36a2b28ff6/argcomplete-3.5.0.tar.gz", hash = "sha256:4349400469dccfb7950bb60334a680c58d88699bff6159df61251878dc6bf74b", size = 82237 }
wheels = [
    { url = "https://files.pythonhosted.org/packages/41/e8/ba56bcc0d48170c0fc5a7f389488eddce47f98ed976a24ae62db402f33ae/argcomplete-3.5.0-py3-none-any.whl", hash = "sha256:d4bcf3ff544f51e16e54228a7ac7f486ed70ebf2ecfe49a63a91171c76bf029b", size = 43475 },
]
